# THIS IS AN AUTOGENERATED FILE. DO NOT EDIT THIS FILE DIRECTLY.
# yarn lockfile v1


"@js-joda/core@6.1.0":
  version "6.1.0"
  resolved "https://registry.yarnpkg.com/@js-joda/core/-/core-6.1.0.tgz#ed88d02cee56b49b86083467db48b84e5c0aa8de"
  integrity sha512-H8NTMRDJqad/leyv/D/A3kSOsf5/58Ydj4DJGDyaCWk9OU/zuZOLhndVffJgQjsgrn5GC0znHMHie7TfvPPG4w==
